
Microsoft Visual Studio Solution File, Format Version 12.00
# Visual Studio 15
VisualStudioVersion = 15.0.27703.2035
MinimumVisualStudioVersion = 10.0.40219.1
Project("{FAE04EC0-301F-11D3-BF4B-00C04F79EFBC}") = "CheckBoxes", "CheckBoxes\CheckBoxes.csproj", "{268DFEB6-5989-4C7D-87FD-6AC9BD6B68A5}"
EndProject
Global
	GlobalSection(SolutionConfigurationPlatforms) = preSolution
		Debug|Any CPU = Debug|Any CPU
		Release|Any CPU = Release|Any CPU
	EndGlobalSection
	GlobalSection(ProjectConfigurationPlatforms) = postSolution
		{268DFEB6-5989-4C7D-87FD-6AC9BD6B68A5}.Debug|Any CPU.ActiveCfg = Debug|Any CPU
		{268DFEB6-5989-4C7D-87FD-6AC9BD6B68A5}.Debug|Any CPU.Build.0 = Debug|Any CPU
		{268DFEB6-5989-4C7D-87FD-6AC9BD6B68A5}.Release|Any CPU.ActiveCfg = Release|Any CPU
		{268DFEB6-5989-4C7D-87FD-6AC9BD6B68A5}.Release|Any CPU.Build.0 = Release|Any CPU
	EndGlobalSection
	GlobalSection(SolutionProperties) = preSolution
		HideSolutionNode = FALSE
	EndGlobalSection
	GlobalSection(ExtensibilityGlobals) = postSolution
		SolutionGuid = {F66AF789-9FA7-4749-A25F-EC3B3303D6A2}
	EndGlobalSection
EndGlobal
